// !$*UTF8*$!
{
	archiveVersion = 1;
	classes = {
	};
	objectVersion = 55;
	objects = {

/* Begin PBXBuildFile section */
		7E7F918627B6B0D5009CD9D2 /* Box.swift in Sources */ = {isa = PBXBuildFile; fileRef = 7E7F918527B6B0D5009CD9D2 /* Box.swift */; };
		7E7F918827B6B161009CD9D2 /* Location.swift in Sources */ = {isa = PBXBuildFile; fileRef = 7E7F918727B6B161009CD9D2 /* Location.swift */; };
		7E7F918A27B6B16B009CD9D2 /* WeatherBitData.swift in Sources */ = {isa = PBXBuildFile; fileRef = 7E7F918927B6B16B009CD9D2 /* WeatherBitData.swift */; };
		7E7F918D27B6B19B009CD9D2 /* LocationGeocoder.swift in Sources */ = {isa = PBXBuildFile; fileRef = 7E7F918C27B6B19B009CD9D2 /* LocationGeocoder.swift */; };
		7E7F919027B6B1D6009CD9D2 /* WeatherBitService.swift in Sources */ = {isa = PBXBuildFile; fileRef = 7E7F918F27B6B1D6009CD9D2 /* WeatherBitService.swift */; };
		7E7F919227B6B2BB009CD9D2 /* WeatherViewModel.swift in Sources */ = {isa = PBXBuildFile; fileRef = 7E7F919127B6B2BB009CD9D2 /* WeatherViewModel.swift */; };
		7EA6E8002752D11A003D3B57 /* AppDelegate.swift in Sources */ = {isa = PBXBuildFile; fileRef = 7EA6E7FF2752D11A003D3B57 /* AppDelegate.swift */; };
		7EA6E8022752D11A003D3B57 /* SceneDelegate.swift in Sources */ = {isa = PBXBuildFile; fileRef = 7EA6E8012752D11A003D3B57 /* SceneDelegate.swift */; };
		7EA6E8042752D11A003D3B57 /* ViewController.swift in Sources */ = {isa = PBXBuildFile; fileRef = 7EA6E8032752D11A003D3B57 /* ViewController.swift */; };
		7EA6E8072752D11A003D3B57 /* Main.storyboard in Resources */ = {isa = PBXBuildFile; fileRef = 7EA6E8052752D11A003D3B57 /* Main.storyboard */; };
		7EA6E8092752D11B003D3B57 /* Assets.xcassets in Resources */ = {isa = PBXBuildFile; fileRef = 7EA6E8082752D11B003D3B57 /* Assets.xcassets */; };
		7EA6E80C2752D11B003D3B57 /* LaunchScreen.storyboard in Resources */ = {isa = PBXBuildFile; fileRef = 7EA6E80A2752D11B003D3B57 /* LaunchScreen.storyboard */; };
		7EA6E8162752D155003D3B57 /* APIHelper.swift in Sources */ = {isa = PBXBuildFile; fileRef = 7EA6E8152752D155003D3B57 /* APIHelper.swift */; };
		7EA6E8182752D2CC003D3B57 /* APIData.swift in Sources */ = {isa = PBXBuildFile; fileRef = 7EA6E8172752D2CC003D3B57 /* APIData.swift */; };
/* End PBXBuildFile section */

/* Begin PBXFileReference section */
		7E7F918527B6B0D5009CD9D2 /* Box.swift */ = {isa = PBXFileReference; lastKnownFileType = sourcecode.swift; path = Box.swift; sourceTree = "<group>"; };
		7E7F918727B6B161009CD9D2 /* Location.swift */ = {isa = PBXFileReference; lastKnownFileType = sourcecode.swift; path = Location.swift; sourceTree = "<group>"; };
		7E7F918927B6B16B009CD9D2 /* WeatherBitData.swift */ = {isa = PBXFileReference; lastKnownFileType = sourcecode.swift; path = WeatherBitData.swift; sourceTree = "<group>"; };
		7E7F918C27B6B19B009CD9D2 /* LocationGeocoder.swift */ = {isa = PBXFileReference; lastKnownFileType = sourcecode.swift; path = LocationGeocoder.swift; sourceTree = "<group>"; };
		7E7F918F27B6B1D6009CD9D2 /* WeatherBitService.swift */ = {isa = PBXFileReference; lastKnownFileType = sourcecode.swift; path = WeatherBitService.swift; sourceTree = "<group>"; };
		7E7F919127B6B2BB009CD9D2 /* WeatherViewModel.swift */ = {isa = PBXFileReference; lastKnownFileType = sourcecode.swift; path = WeatherViewModel.swift; sourceTree = "<group>"; };
		7EA6E7FC2752D11A003D3B57 /* WeatherApp.app */ = {isa = PBXFileReference; explicitFileType = wrapper.application; includeInIndex = 0; path = WeatherApp.app; sourceTree = BUILT_PRODUCTS_DIR; };
		7EA6E7FF2752D11A003D3B57 /* AppDelegate.swift */ = {isa = PBXFileReference; lastKnownFileType = sourcecode.swift; path = AppDelegate.swift; sourceTree = "<group>"; };
		7EA6E8012752D11A003D3B57 /* SceneDelegate.swift */ = {isa = PBXFileReference; lastKnownFileType = sourcecode.swift; path = SceneDelegate.swift; sourceTree = "<group>"; };
		7EA6E8032752D11A003D3B57 /* ViewController.swift */ = {isa = PBXFileReference; lastKnownFileType = sourcecode.swift; path = ViewController.swift; sourceTree = "<group>"; };
		7EA6E8062752D11A003D3B57 /* Base */ = {isa = PBXFileReference; lastKnownFileType = file.storyboard; name = Base; path = Base.lproj/Main.storyboard; sourceTree = "<group>"; };
		7EA6E8082752D11B003D3B57 /* Assets.xcassets */ = {isa = PBXFileReference; lastKnownFileType = folder.assetcatalog; path = Assets.xcassets; sourceTree = "<group>"; };
		7EA6E80B2752D11B003D3B57 /* Base */ = {isa = PBXFileReference; lastKnownFileType = file.storyboard; name = Base; path = Base.lproj/LaunchScreen.storyboard; sourceTree = "<group>"; };
		7EA6E80D2752D11B003D3B57 /* Info.plist */ = {isa = PBXFileReference; lastKnownFileType = text.plist.xml; path = Info.plist; sourceTree = "<group>"; };
		7EA6E8152752D155003D3B57 /* APIHelper.swift */ = {isa = PBXFileReference; lastKnownFileType = sourcecode.swift; path = APIHelper.swift; sourceTree = "<group>"; };
		7EA6E8172752D2CC003D3B57 /* APIData.swift */ = {isa = PBXFileReference; lastKnownFileType = sourcecode.swift; path = APIData.swift; sourceTree = "<group>"; };
/* End PBXFileReference section */

/* Begin PBXFrameworksBuildPhase section */
		7EA6E7F92752D11A003D3B57 /* Frameworks */ = {
			isa = PBXFrameworksBuildPhase;
			buildActionMask = 2147483647;
			files = (
			);
			runOnlyForDeploymentPostprocessing = 0;
		};
/* End PBXFrameworksBuildPhase section */

/* Begin PBXGroup section */
		7E7F918127B6B089009CD9D2 /* Model */ = {
			isa = PBXGroup;
			children = (
				7E7F918727B6B161009CD9D2 /* Location.swift */,
				7E7F918927B6B16B009CD9D2 /* WeatherBitData.swift */,
			);
			path = Model;
			sourceTree = "<group>";
		};
		7E7F918227B6B094009CD9D2 /* View */ = {
			isa = PBXGroup;
			children = (
				7EA6E8032752D11A003D3B57 /* ViewController.swift */,
			);
			path = View;
			sourceTree = "<group>";
		};
		7E7F918327B6B099009CD9D2 /* ViewModel */ = {
			isa = PBXGroup;
			children = (
				7E7F919127B6B2BB009CD9D2 /* WeatherViewModel.swift */,
			);
			path = ViewModel;
			sourceTree = "<group>";
		};
		7E7F918427B6B0C8009CD9D2 /* Boxing */ = {
			isa = PBXGroup;
			children = (
				7E7F918527B6B0D5009CD9D2 /* Box.swift */,
			);
			path = Boxing;
			sourceTree = "<group>";
		};
		7E7F918B27B6B180009CD9D2 /* Services */ = {
			isa = PBXGroup;
			children = (
				7E7F918C27B6B19B009CD9D2 /* LocationGeocoder.swift */,
				7E7F918F27B6B1D6009CD9D2 /* WeatherBitService.swift */,
			);
			path = Services;
			sourceTree = "<group>";
		};
		7EA6E7F32752D11A003D3B57 = {
			isa = PBXGroup;
			children = (
				7EA6E7FE2752D11A003D3B57 /* WeatherApp */,
				7EA6E7FD2752D11A003D3B57 /* Products */,
			);
			sourceTree = "<group>";
		};
		7EA6E7FD2752D11A003D3B57 /* Products */ = {
			isa = PBXGroup;
			children = (
				7EA6E7FC2752D11A003D3B57 /* WeatherApp.app */,
			);
			name = Products;
			sourceTree = "<group>";
		};
		7EA6E7FE2752D11A003D3B57 /* WeatherApp */ = {
			isa = PBXGroup;
			children = (
				7E7F918227B6B094009CD9D2 /* View */,
				7E7F918327B6B099009CD9D2 /* ViewModel */,
				7E7F918127B6B089009CD9D2 /* Model */,
				7E7F918427B6B0C8009CD9D2 /* Boxing */,
				7E7F918B27B6B180009CD9D2 /* Services */,
				7EA6E8052752D11A003D3B57 /* Main.storyboard */,
				7EA6E7FF2752D11A003D3B57 /* AppDelegate.swift */,
				7EA6E8012752D11A003D3B57 /* SceneDelegate.swift */,
				7EA6E8082752D11B003D3B57 /* Assets.xcassets */,
				7EA6E80A2752D11B003D3B57 /* LaunchScreen.storyboard */,
				7EA6E80D2752D11B003D3B57 /* Info.plist */,
				7EA6E8152752D155003D3B57 /* APIHelper.swift */,
				7EA6E8172752D2CC003D3B57 /* APIData.swift */,
			);
			path = WeatherApp;
			sourceTree = "<group>";
		};
/* End PBXGroup section */

/* Begin PBXNativeTarget section */
		7EA6E7FB2752D11A003D3B57 /* WeatherApp */ = {
			isa = PBXNativeTarget;
			buildConfigurationList = 7EA6E8102752D11B003D3B57 /* Build configuration list for PBXNativeTarget "WeatherApp" */;
			buildPhases = (
				7EA6E7F82752D11A003D3B57 /* Sources */,
				7EA6E7F92752D11A003D3B57 /* Frameworks */,
				7EA6E7FA2752D11A003D3B57 /* Resources */,
			);
			buildRules = (
			);
			dependencies = (
			);
			name = WeatherApp;
			productName = WeatherApp;
			productReference = 7EA6E7FC2752D11A003D3B57 /* WeatherApp.app */;
			productType = "com.apple.product-type.application";
		};
/* End PBXNativeTarget section */

/* Begin PBXProject section */
		7EA6E7F42752D11A003D3B57 /* Project object */ = {
			isa = PBXProject;
			attributes = {
				BuildIndependentTargetsInParallel = 1;
				LastSwiftUpdateCheck = 1310;
				LastUpgradeCheck = 1310;
				TargetAttributes = {
					7EA6E7FB2752D11A003D3B57 = {
						CreatedOnToolsVersion = 13.1;
					};
				};
			};
			buildConfigurationList = 7EA6E7F72752D11A003D3B57 /* Build configuration list for PBXProject "WeatherApp" */;
			compatibilityVersion = "Xcode 13.0";
			developmentRegion = en;
			hasScannedForEncodings = 0;
			knownRegions = (
				en,
				Base,
			);
			mainGroup = 7EA6E7F32752D11A003D3B57;
			productRefGroup = 7EA6E7FD2752D11A003D3B57 /* Products */;
			projectDirPath = "";
			projectRoot = "";
			targets = (
				7EA6E7FB2752D11A003D3B57 /* WeatherApp */,
			);
		};
/* End PBXProject section */

/* Begin PBXResourcesBuildPhase section */
		7EA6E7FA2752D11A003D3B57 /* Resources */ = {
			isa = PBXResourcesBuildPhase;
			buildActionMask = 2147483647;
			files = (
				7EA6E80C2752D11B003D3B57 /* LaunchScreen.storyboard in Resources */,
				7EA6E8092752D11B003D3B57 /* Assets.xcassets in Resources */,
				7EA6E8072752D11A003D3B57 /* Main.storyboard in Resources */,
			);
			runOnlyForDeploymentPostprocessing = 0;
		};
/* End PBXResourcesBuildPhase section */

/* Begin PBXSourcesBuildPhase section */
		7EA6E7F82752D11A003D3B57 /* Sources */ = {
			isa = PBXSourcesBuildPhase;
			buildActionMask = 2147483647;
			files = (
				7E7F918A27B6B16B009CD9D2 /* WeatherBitData.swift in Sources */,
				7EA6E8162752D155003D3B57 /* APIHelper.swift in Sources */,
				7E7F918D27B6B19B009CD9D2 /* LocationGeocoder.swift in Sources */,
				7E7F919227B6B2BB009CD9D2 /* WeatherViewModel.swift in Sources */,
				7EA6E8042752D11A003D3B57 /* ViewController.swift in Sources */,
				7EA6E8002752D11A003D3B57 /* AppDelegate.swift in Sources */,
				7E7F918627B6B0D5009CD9D2 /* Box.swift in Sources */,
				7E7F919027B6B1D6009CD9D2 /* WeatherBitService.swift in Sources */,
				7EA6E8182752D2CC003D3B57 /* APIData.swift in Sources */,
				7EA6E8022752D11A003D3B57 /* SceneDelegate.swift in Sources */,
				7E7F918827B6B161009CD9D2 /* Location.swift in Sources */,
			);
			runOnlyForDeploymentPostprocessing = 0;
		};
/* End PBXSourcesBuildPhase section */

/* Begin PBXVariantGroup section */
		7EA6E8052752D11A003D3B57 /* Main.storyboard */ = {
			isa = PBXVariantGroup;
			children = (
				7EA6E8062752D11A003D3B57 /* Base */,
			);
			name = Main.storyboard;
			sourceTree = "<group>";
		};
		7EA6E80A2752D11B003D3B57 /* LaunchScreen.storyboard */ = {
			isa = PBXVariantGroup;
			children = (
				7EA6E80B2752D11B003D3B57 /* Base */,
			);
			name = LaunchScreen.storyboard;
			sourceTree = "<group>";
		};
/* End PBXVariantGroup section */

/* Begin XCBuildConfiguration section */
		7EA6E80E2752D11B003D3B57 /* Debug */ = {
			isa = XCBuildConfiguration;
			buildSettings = {
				ALWAYS_SEARCH_USER_PATHS = NO;
				CLANG_ANALYZER_NONNULL = YES;
				CLANG_ANALYZER_NUMBER_OBJECT_CONVERSION = YES_AGGRESSIVE;
				CLANG_CXX_LANGUAGE_STANDARD = "gnu++17";
				CLANG_CXX_LIBRARY = "libc++";
				CLANG_ENABLE_MODULES = YES;
				CLANG_ENABLE_OBJC_ARC = YES;
				CLANG_ENABLE_OBJC_WEAK = YES;
				CLANG_WARN_BLOCK_CAPTURE_AUTORELEASING = YES;
				CLANG_WARN_BOOL_CONVERSION = YES;
				CLANG_WARN_COMMA = YES;
				CLANG_WARN_CONSTANT_CONVERSION = YES;
				CLANG_WARN_DEPRECATED_OBJC_IMPLEMENTATIONS = YES;
				CLANG_WARN_DIRECT_OBJC_ISA_USAGE = YES_ERROR;
				CLANG_WARN_DOCUMENTATION_COMMENTS = YES;
				CLANG_WARN_EMPTY_BODY = YES;
				CLANG_WARN_ENUM_CONVERSION = YES;
				CLANG_WARN_INFINITE_RECURSION = YES;
				CLANG_WARN_INT_CONVERSION = YES;
				CLANG_WARN_NON_LITERAL_NULL_CONVERSION = YES;
				CLANG_WARN_OBJC_IMPLICIT_RETAIN_SELF = YES;
				CLANG_WARN_OBJC_LITERAL_CONVERSION = YES;
				CLANG_WARN_OBJC_ROOT_CLASS = YES_ERROR;
				CLANG_WARN_QUOTED_INCLUDE_IN_FRAMEWORK_HEADER = YES;
				CLANG_WARN_RANGE_LOOP_ANALYSIS = YES;
				CLANG_WARN_STRICT_PROTOTYPES = YES;
				CLANG_WARN_SUSPICIOUS_MOVE = YES;
				CLANG_WARN_UNGUARDED_AVAILABILITY = YES_AGGRESSIVE;
				CLANG_WARN_UNREACHABLE_CODE = YES;
				CLANG_WARN__DUPLICATE_METHOD_MATCH = YES;
				COPY_PHASE_STRIP = NO;
				DEBUG_INFORMATION_FORMAT = dwarf;
				ENABLE_STRICT_OBJC_MSGSEND = YES;
				ENABLE_TESTABILITY = YES;
				GCC_C_LANGUAGE_STANDARD = gnu11;
				GCC_DYNAMIC_NO_PIC = NO;
				GCC_NO_COMMON_BLOCKS = YES;
				GCC_OPTIMIZATION_LEVEL = 0;
				GCC_PREPROCESSOR_DEFINITIONS = (
					"DEBUG=1",
					"$(inherited)",
				);
				GCC_WARN_64_TO_32_BIT_CONVERSION = YES;
				GCC_WARN_ABOUT_RETURN_TYPE = YES_ERROR;
				GCC_WARN_UNDECLARED_SELECTOR = YES;
				GCC_WARN_UNINITIALIZED_AUTOS = YES_AGGRESSIVE;
				GCC_WARN_UNUSED_FUNCTION = YES;
				GCC_WARN_UNUSED_VARIABLE = YES;
				IPHONEOS_DEPLOYMENT_TARGET = 15.0;
				MTL_ENABLE_DEBUG_INFO = INCLUDE_SOURCE;
				MTL_FAST_MATH = YES;
				ONLY_ACTIVE_ARCH = YES;
				SDKROOT = iphoneos;
				SWIFT_ACTIVE_COMPILATION_CONDITIONS = DEBUG;
				SWIFT_OPTIMIZATION_LEVEL = "-Onone";
			};
			name = Debug;
		};
		7EA6E80F2752D11B003D3B57 /* Release */ = {
			isa = XCBuildConfiguration;
			buildSettings = {
				ALWAYS_SEARCH_USER_PATHS = NO;
				CLANG_ANALYZER_NONNULL = YES;
				CLANG_ANALYZER_NUMBER_OBJECT_CONVERSION = YES_AGGRESSIVE;
				CLANG_CXX_LANGUAGE_STANDARD = "gnu++17";
				CLANG_CXX_LIBRARY = "libc++";
				CLANG_ENABLE_MODULES = YES;
				CLANG_ENABLE_OBJC_ARC = YES;
				CLANG_ENABLE_OBJC_WEAK = YES;
				CLANG_WARN_BLOCK_CAPTURE_AUTORELEASING = YES;
				CLANG_WARN_BOOL_CONVERSION = YES;
				CLANG_WARN_COMMA = YES;
				CLANG_WARN_CONSTANT_CONVERSION = YES;
				CLANG_WARN_DEPRECATED_OBJC_IMPLEMENTATIONS = YES;
				CLANG_WARN_DIRECT_OBJC_ISA_USAGE = YES_ERROR;
				CLANG_WARN_DOCUMENTATION_COMMENTS = YES;
				CLANG_WARN_EMPTY_BODY = YES;
				CLANG_WARN_ENUM_CONVERSION = YES;
				CLANG_WARN_INFINITE_RECURSION = YES;
				CLANG_WARN_INT_CONVERSION = YES;
				CLANG_WARN_NON_LITERAL_NULL_CONVERSION = YES;
				CLANG_WARN_OBJC_IMPLICIT_RETAIN_SELF = YES;
				CLANG_WARN_OBJC_LITERAL_CONVERSION = YES;
				CLANG_WARN_OBJC_ROOT_CLASS = YES_ERROR;
				CLANG_WARN_QUOTED_INCLUDE_IN_FRAMEWORK_HEADER = YES;
				CLANG_WARN_RANGE_LOOP_ANALYSIS = YES;
				CLANG_WARN_STRICT_PROTOTYPES = YES;
				CLANG_WARN_SUSPICIOUS_MOVE = YES;
				CLANG_WARN_UNGUARDED_AVAILABILITY = YES_AGGRESSIVE;
				CLANG_WARN_UNREACHABLE_CODE = YES;
				CLANG_WARN__DUPLICATE_METHOD_MATCH = YES;
				COPY_PHASE_STRIP = NO;
				DEBUG_INFORMATION_FORMAT = "dwarf-with-dsym";
				ENABLE_NS_ASSERTIONS = NO;
				ENABLE_STRICT_OBJC_MSGSEND = YES;
				GCC_C_LANGUAGE_STANDARD = gnu11;
				GCC_NO_COMMON_BLOCKS = YES;
				GCC_WARN_64_TO_32_BIT_CONVERSION = YES;
				GCC_WARN_ABOUT_RETURN_TYPE = YES_ERROR;
				GCC_WARN_UNDECLARED_SELECTOR = YES;
				GCC_WARN_UNINITIALIZED_AUTOS = YES_AGGRESSIVE;
				GCC_WARN_UNUSED_FUNCTION = YES;
				GCC_WARN_UNUSED_VARIABLE = YES;
				IPHONEOS_DEPLOYMENT_TARGET = 15.0;
				MTL_ENABLE_DEBUG_INFO = NO;
				MTL_FAST_MATH = YES;
				SDKROOT = iphoneos;
				SWIFT_COMPILATION_MODE = wholemodule;
				SWIFT_OPTIMIZATION_LEVEL = "-O";
				VALIDATE_PRODUCT = YES;
			};
			name = Release;
		};
		7EA6E8112752D11B003D3B57 /* Debug */ = {
			isa = XCBuildConfiguration;
			buildSettings = {
				ASSETCATALOG_COMPILER_APPICON_NAME = AppIcon;
				ASSETCATALOG_COMPILER_GLOBAL_ACCENT_COLOR_NAME = AccentColor;
				CODE_SIGN_STYLE = Automatic;
				CURRENT_PROJECT_VERSION = 1;
				DEVELOPMENT_TEAM = SGFQ55R4UD;
				GENERATE_INFOPLIST_FILE = YES;
				INFOPLIST_FILE = WeatherApp/Info.plist;
				INFOPLIST_KEY_UIApplicationSupportsIndirectInputEvents = YES;
				INFOPLIST_KEY_UILaunchStoryboardName = LaunchScreen;
				INFOPLIST_KEY_UIMainStoryboardFile = Main;
				INFOPLIST_KEY_UISupportedInterfaceOrientations_iPad = "UIInterfaceOrientationPortrait UIInterfaceOrientationPortraitUpsideDown UIInterfaceOrientationLandscapeLeft UIInterfaceOrientationLandscapeRight";
				INFOPLIST_KEY_UISupportedInterfaceOrientations_iPhone = "UIInterfaceOrientationPortrait UIInterfaceOrientationLandscapeLeft UIInterfaceOrientationLandscapeRight";
				LD_RUNPATH_SEARCH_PATHS = (
					"$(inherited)",
					"@executable_path/Frameworks",
				);
				MARKETING_VERSION = 1.0;
				PRODUCT_BUNDLE_IDENTIFIER = "Fedor-Sychev.WeatherApp";
				PRODUCT_NAME = "$(TARGET_NAME)";
				SWIFT_EMIT_LOC_STRINGS = YES;
				SWIFT_VERSION = 5.0;
				TARGETED_DEVICE_FAMILY = "1,2";
			};
			name = Debug;
		};
		7EA6E8122752D11B003D3B57 /* Release */ = {
			isa = XCBuildConfiguration;
			buildSettings = {
				ASSETCATALOG_COMPILER_APPICON_NAME = AppIcon;
				ASSETCATALOG_COMPILER_GLOBAL_ACCENT_COLOR_NAME = AccentColor;
				CODE_SIGN_STYLE = Automatic;
				CURRENT_PROJECT_VERSION = 1;
				DEVELOPMENT_TEAM = SGFQ55R4UD;
				GENERATE_INFOPLIST_FILE = YES;
				INFOPLIST_FILE = WeatherApp/Info.plist;
				INFOPLIST_KEY_UIApplicationSupportsIndirectInputEvents = YES;
				INFOPLIST_KEY_UILaunchStoryboardName = LaunchScreen;
				INFOPLIST_KEY_UIMainStoryboardFile = Main;
				INFOPLIST_KEY_UISupportedInterfaceOrientations_iPad = "UIInterfaceOrientationPortrait UIInterfaceOrientationPortraitUpsideDown UIInterfaceOrientationLandscapeLeft UIInterfaceOrientationLandscapeRight";
				INFOPLIST_KEY_UISupportedInterfaceOrientations_iPhone = "UIInterfaceOrientationPortrait UIInterfaceOrientationLandscapeLeft UIInterfaceOrientationLandscapeRight";
				LD_RUNPATH_SEARCH_PATHS = (
					"$(inherited)",
					"@executable_path/Frameworks",
				);
				MARKETING_VERSION = 1.0;
				PRODUCT_BUNDLE_IDENTIFIER = "Fedor-Sychev.WeatherApp";
				PRODUCT_NAME = "$(TARGET_NAME)";
				SWIFT_EMIT_LOC_STRINGS = YES;
				SWIFT_VERSION = 5.0;
				TARGETED_DEVICE_FAMILY = "1,2";
			};
			name = Release;
		};
/* End XCBuildConfiguration section */

/* Begin XCConfigurationList section */
		7EA6E7F72752D11A003D3B57 /* Build configuration list for PBXProject "WeatherApp" */ = {
			isa = XCConfigurationList;
			buildConfigurations = (
				7EA6E80E2752D11B003D3B57 /* Debug */,
				7EA6E80F2752D11B003D3B57 /* Release */,
			);
			defaultConfigurationIsVisible = 0;
			defaultConfigurationName = Release;
		};
		7EA6E8102752D11B003D3B57 /* Build configuration list for PBXNativeTarget "WeatherApp" */ = {
			isa = XCConfigurationList;
			buildConfigurations = (
				7EA6E8112752D11B003D3B57 /* Debug */,
				7EA6E8122752D11B003D3B57 /* Release */,
			);
			defaultConfigurationIsVisible = 0;
			defaultConfigurationName = Release;
		};
/* End XCConfigurationList section */
	};
	rootObject = 7EA6E7F42752D11A003D3B57 /* Project object */;
}
